// !$*UTF8*$!
{
	archiveVersion = 1;
	classes = {
	};
	objectVersion = 56;
	objects = {

/* Begin PBXBuildFile section */
		E217853129EED2CE00832287 /* PokemonTableViewController.swift in Sources */ = {isa = PBXBuildFile; fileRef = E217853029EED2CE00832287 /* PokemonTableViewController.swift */; };
		E217853329EED31000832287 /* PokemonViewModel.swift in Sources */ = {isa = PBXBuildFile; fileRef = E217853229EED31000832287 /* PokemonViewModel.swift */; };
		E217853529EED32C00832287 /* PokemonViewModelProtocol.swift in Sources */ = {isa = PBXBuildFile; fileRef = E217853429EED32C00832287 /* PokemonViewModelProtocol.swift */; };
		E217853729EED33A00832287 /* PokemonViewModelDelegate.swift in Sources */ = {isa = PBXBuildFile; fileRef = E217853629EED33A00832287 /* PokemonViewModelDelegate.swift */; };
		E217853929EED8DA00832287 /* Pokemon.swift in Sources */ = {isa = PBXBuildFile; fileRef = E217853829EED8DA00832287 /* Pokemon.swift */; };
		E217853B29EEDAA700832287 /* NetworkingService.swift in Sources */ = {isa = PBXBuildFile; fileRef = E217853A29EEDAA700832287 /* NetworkingService.swift */; };
		E217853D29EEDAB900832287 /* API.swift in Sources */ = {isa = PBXBuildFile; fileRef = E217853C29EEDAB900832287 /* API.swift */; };
		E217854029EEEA2400832287 /* PokemonTableViewCell.swift in Sources */ = {isa = PBXBuildFile; fileRef = E217853E29EEEA2400832287 /* PokemonTableViewCell.swift */; };
		E217854129EEEA2400832287 /* PokemonTableViewCell.xib in Resources */ = {isa = PBXBuildFile; fileRef = E217853F29EEEA2400832287 /* PokemonTableViewCell.xib */; };
		E21ED96729EEF0D600036B89 /* TableView + Extension.swift in Sources */ = {isa = PBXBuildFile; fileRef = E21ED96629EEF0D600036B89 /* TableView + Extension.swift */; };
		E21ED96929EFFB8400036B89 /* ImageDownloadService.swift in Sources */ = {isa = PBXBuildFile; fileRef = E21ED96829EFFB8400036B89 /* ImageDownloadService.swift */; };
		E21ED96B29F003B200036B89 /* PokemonTableViewCellViewModel.swift in Sources */ = {isa = PBXBuildFile; fileRef = E21ED96A29F003B200036B89 /* PokemonTableViewCellViewModel.swift */; };
		E21ED96D29F003C000036B89 /* PokemonTableViewCellViewModelDelegate.swift in Sources */ = {isa = PBXBuildFile; fileRef = E21ED96C29F003C000036B89 /* PokemonTableViewCellViewModelDelegate.swift */; };
		E21ED96F29F003CB00036B89 /* PokemonTableViewCellViewModelProtocol.swift in Sources */ = {isa = PBXBuildFile; fileRef = E21ED96E29F003CB00036B89 /* PokemonTableViewCellViewModelProtocol.swift */; };
		E247FA8A29F1EFD2000A8E7E /* DetailsViewController.swift in Sources */ = {isa = PBXBuildFile; fileRef = E247FA8929F1EFD2000A8E7E /* DetailsViewController.swift */; };
		E247FA8C29F1EFE7000A8E7E /* DetailsViewModel.swift in Sources */ = {isa = PBXBuildFile; fileRef = E247FA8B29F1EFE7000A8E7E /* DetailsViewModel.swift */; };
		E247FA8E29F1EFF8000A8E7E /* DetailsViewModelProtocol.swift in Sources */ = {isa = PBXBuildFile; fileRef = E247FA8D29F1EFF8000A8E7E /* DetailsViewModelProtocol.swift */; };
		E247FA9029F1F009000A8E7E /* DetailsViewModelDelegate.swift in Sources */ = {isa = PBXBuildFile; fileRef = E247FA8F29F1F009000A8E7E /* DetailsViewModelDelegate.swift */; };
		E247FA9329F1F130000A8E7E /* Constants .swift in Sources */ = {isa = PBXBuildFile; fileRef = E247FA9229F1F130000A8E7E /* Constants .swift */; };
		E296D4F029EECBCF001435A2 /* MainTabBarController .swift in Sources */ = {isa = PBXBuildFile; fileRef = E296D4EF29EECBCF001435A2 /* MainTabBarController .swift */; };
		E2EAC36329EEB2F700A2B7EC /* AppDelegate.swift in Sources */ = {isa = PBXBuildFile; fileRef = E2EAC36229EEB2F700A2B7EC /* AppDelegate.swift */; };
		E2EAC36529EEB2F700A2B7EC /* SceneDelegate.swift in Sources */ = {isa = PBXBuildFile; fileRef = E2EAC36429EEB2F700A2B7EC /* SceneDelegate.swift */; };
		E2EAC36C29EEB2F900A2B7EC /* Assets.xcassets in Resources */ = {isa = PBXBuildFile; fileRef = E2EAC36B29EEB2F900A2B7EC /* Assets.xcassets */; };
		E2EAC36F29EEB2F900A2B7EC /* LaunchScreen.storyboard in Resources */ = {isa = PBXBuildFile; fileRef = E2EAC36D29EEB2F900A2B7EC /* LaunchScreen.storyboard */; };
/* End PBXBuildFile section */

/* Begin PBXFileReference section */
		E217853029EED2CE00832287 /* PokemonTableViewController.swift */ = {isa = PBXFileReference; lastKnownFileType = sourcecode.swift; path = PokemonTableViewController.swift; sourceTree = "<group>"; };
		E217853229EED31000832287 /* PokemonViewModel.swift */ = {isa = PBXFileReference; lastKnownFileType = sourcecode.swift; path = PokemonViewModel.swift; sourceTree = "<group>"; };
		E217853429EED32C00832287 /* PokemonViewModelProtocol.swift */ = {isa = PBXFileReference; lastKnownFileType = sourcecode.swift; path = PokemonViewModelProtocol.swift; sourceTree = "<group>"; };
		E217853629EED33A00832287 /* PokemonViewModelDelegate.swift */ = {isa = PBXFileReference; lastKnownFileType = sourcecode.swift; path = PokemonViewModelDelegate.swift; sourceTree = "<group>"; };
		E217853829EED8DA00832287 /* Pokemon.swift */ = {isa = PBXFileReference; lastKnownFileType = sourcecode.swift; path = Pokemon.swift; sourceTree = "<group>"; };
		E217853A29EEDAA700832287 /* NetworkingService.swift */ = {isa = PBXFileReference; lastKnownFileType = sourcecode.swift; path = NetworkingService.swift; sourceTree = "<group>"; };
		E217853C29EEDAB900832287 /* API.swift */ = {isa = PBXFileReference; lastKnownFileType = sourcecode.swift; path = API.swift; sourceTree = "<group>"; };
		E217853E29EEEA2400832287 /* PokemonTableViewCell.swift */ = {isa = PBXFileReference; lastKnownFileType = sourcecode.swift; path = PokemonTableViewCell.swift; sourceTree = "<group>"; };
		E217853F29EEEA2400832287 /* PokemonTableViewCell.xib */ = {isa = PBXFileReference; lastKnownFileType = file.xib; path = PokemonTableViewCell.xib; sourceTree = "<group>"; };
		E21ED96629EEF0D600036B89 /* TableView + Extension.swift */ = {isa = PBXFileReference; lastKnownFileType = sourcecode.swift; path = "TableView + Extension.swift"; sourceTree = "<group>"; };
		E21ED96829EFFB8400036B89 /* ImageDownloadService.swift */ = {isa = PBXFileReference; lastKnownFileType = sourcecode.swift; path = ImageDownloadService.swift; sourceTree = "<group>"; };
		E21ED96A29F003B200036B89 /* PokemonTableViewCellViewModel.swift */ = {isa = PBXFileReference; lastKnownFileType = sourcecode.swift; path = PokemonTableViewCellViewModel.swift; sourceTree = "<group>"; };
		E21ED96C29F003C000036B89 /* PokemonTableViewCellViewModelDelegate.swift */ = {isa = PBXFileReference; lastKnownFileType = sourcecode.swift; path = PokemonTableViewCellViewModelDelegate.swift; sourceTree = "<group>"; };
		E21ED96E29F003CB00036B89 /* PokemonTableViewCellViewModelProtocol.swift */ = {isa = PBXFileReference; lastKnownFileType = sourcecode.swift; path = PokemonTableViewCellViewModelProtocol.swift; sourceTree = "<group>"; };
		E247FA8929F1EFD2000A8E7E /* DetailsViewController.swift */ = {isa = PBXFileReference; lastKnownFileType = sourcecode.swift; path = DetailsViewController.swift; sourceTree = "<group>"; };
		E247FA8B29F1EFE7000A8E7E /* DetailsViewModel.swift */ = {isa = PBXFileReference; lastKnownFileType = sourcecode.swift; path = DetailsViewModel.swift; sourceTree = "<group>"; };
		E247FA8D29F1EFF8000A8E7E /* DetailsViewModelProtocol.swift */ = {isa = PBXFileReference; lastKnownFileType = sourcecode.swift; path = DetailsViewModelProtocol.swift; sourceTree = "<group>"; };
		E247FA8F29F1F009000A8E7E /* DetailsViewModelDelegate.swift */ = {isa = PBXFileReference; lastKnownFileType = sourcecode.swift; path = DetailsViewModelDelegate.swift; sourceTree = "<group>"; };
		E247FA9229F1F130000A8E7E /* Constants .swift */ = {isa = PBXFileReference; lastKnownFileType = sourcecode.swift; path = "Constants .swift"; sourceTree = "<group>"; };
		E296D4EF29EECBCF001435A2 /* MainTabBarController .swift */ = {isa = PBXFileReference; lastKnownFileType = sourcecode.swift; path = "MainTabBarController .swift"; sourceTree = "<group>"; };
		E2EAC35F29EEB2F700A2B7EC /* TestPokemonTask.app */ = {isa = PBXFileReference; explicitFileType = wrapper.application; includeInIndex = 0; path = TestPokemonTask.app; sourceTree = BUILT_PRODUCTS_DIR; };
		E2EAC36229EEB2F700A2B7EC /* AppDelegate.swift */ = {isa = PBXFileReference; lastKnownFileType = sourcecode.swift; path = AppDelegate.swift; sourceTree = "<group>"; };
		E2EAC36429EEB2F700A2B7EC /* SceneDelegate.swift */ = {isa = PBXFileReference; lastKnownFileType = sourcecode.swift; path = SceneDelegate.swift; sourceTree = "<group>"; };
		E2EAC36B29EEB2F900A2B7EC /* Assets.xcassets */ = {isa = PBXFileReference; lastKnownFileType = folder.assetcatalog; path = Assets.xcassets; sourceTree = "<group>"; };
		E2EAC36E29EEB2F900A2B7EC /* Base */ = {isa = PBXFileReference; lastKnownFileType = file.storyboard; name = Base; path = Base.lproj/LaunchScreen.storyboard; sourceTree = "<group>"; };
		E2EAC37029EEB2F900A2B7EC /* Info.plist */ = {isa = PBXFileReference; lastKnownFileType = text.plist.xml; path = Info.plist; sourceTree = "<group>"; };
/* End PBXFileReference section */

/* Begin PBXFrameworksBuildPhase section */
		E2EAC35C29EEB2F700A2B7EC /* Frameworks */ = {
			isa = PBXFrameworksBuildPhase;
			buildActionMask = 2147483647;
			files = (
			);
			runOnlyForDeploymentPostprocessing = 0;
		};
/* End PBXFrameworksBuildPhase section */

/* Begin PBXGroup section */
		E21ED96529EEF0B100036B89 /* Extension */ = {
			isa = PBXGroup;
			children = (
				E21ED96629EEF0D600036B89 /* TableView + Extension.swift */,
			);
			path = Extension;
			sourceTree = "<group>";
		};
		E247FA9129F1F120000A8E7E /* Constants  */ = {
			isa = PBXGroup;
			children = (
				E247FA9229F1F130000A8E7E /* Constants .swift */,
			);
			path = "Constants ";
			sourceTree = "<group>";
		};
		E296D4E429EEC8BC001435A2 /* ViewControllers  */ = {
			isa = PBXGroup;
			children = (
				E296D4EB29EEC979001435A2 /* DetailsPokemonView */,
				E296D4EA29EEC960001435A2 /* PokemonTableView */,
				E296D4E929EEC93E001435A2 /* MainTabBarController */,
			);
			path = "ViewControllers ";
			sourceTree = "<group>";
		};
		E296D4E529EEC8C9001435A2 /* Services  */ = {
			isa = PBXGroup;
			children = (
				E217853A29EEDAA700832287 /* NetworkingService.swift */,
				E21ED96829EFFB8400036B89 /* ImageDownloadService.swift */,
			);
			path = "Services ";
			sourceTree = "<group>";
		};
		E296D4E729EEC8F3001435A2 /* SupportFiles   */ = {
			isa = PBXGroup;
			children = (
				E2EAC36429EEB2F700A2B7EC /* SceneDelegate.swift */,
				E2EAC36B29EEB2F900A2B7EC /* Assets.xcassets */,
				E2EAC36D29EEB2F900A2B7EC /* LaunchScreen.storyboard */,
				E2EAC36229EEB2F700A2B7EC /* AppDelegate.swift */,
			);
			path = "SupportFiles  ";
			sourceTree = "<group>";
		};
		E296D4E829EEC925001435A2 /* Module */ = {
			isa = PBXGroup;
			children = (
				E247FA9129F1F120000A8E7E /* Constants  */,
				E21ED96529EEF0B100036B89 /* Extension */,
				E296D4EE29EEC9DB001435A2 /* API */,
				E296D4ED29EEC99C001435A2 /* Model */,
				E296D4EC29EEC98A001435A2 /* Cell */,
				E296D4E429EEC8BC001435A2 /* ViewControllers  */,
				E296D4E529EEC8C9001435A2 /* Services  */,
				E296D4E729EEC8F3001435A2 /* SupportFiles   */,
			);
			path = Module;
			sourceTree = "<group>";
		};
		E296D4E929EEC93E001435A2 /* MainTabBarController */ = {
			isa = PBXGroup;
			children = (
				E296D4EF29EECBCF001435A2 /* MainTabBarController .swift */,
			);
			path = MainTabBarController;
			sourceTree = "<group>";
		};
		E296D4EA29EEC960001435A2 /* PokemonTableView */ = {
			isa = PBXGroup;
			children = (
				E217853029EED2CE00832287 /* PokemonTableViewController.swift */,
				E217853229EED31000832287 /* PokemonViewModel.swift */,
				E217853429EED32C00832287 /* PokemonViewModelProtocol.swift */,
				E217853629EED33A00832287 /* PokemonViewModelDelegate.swift */,
			);
			path = PokemonTableView;
			sourceTree = "<group>";
		};
		E296D4EB29EEC979001435A2 /* DetailsPokemonView */ = {
			isa = PBXGroup;
			children = (
				E247FA8929F1EFD2000A8E7E /* DetailsViewController.swift */,
				E247FA8B29F1EFE7000A8E7E /* DetailsViewModel.swift */,
				E247FA8D29F1EFF8000A8E7E /* DetailsViewModelProtocol.swift */,
				E247FA8F29F1F009000A8E7E /* DetailsViewModelDelegate.swift */,
			);
			path = DetailsPokemonView;
			sourceTree = "<group>";
		};
		E296D4EC29EEC98A001435A2 /* Cell */ = {
			isa = PBXGroup;
			children = (
				E217853E29EEEA2400832287 /* PokemonTableViewCell.swift */,
				E21ED96A29F003B200036B89 /* PokemonTableViewCellViewModel.swift */,
				E21ED96C29F003C000036B89 /* PokemonTableViewCellViewModelDelegate.swift */,
				E21ED96E29F003CB00036B89 /* PokemonTableViewCellViewModelProtocol.swift */,
				E217853F29EEEA2400832287 /* PokemonTableViewCell.xib */,
			);
			path = Cell;
			sourceTree = "<group>";
		};
		E296D4ED29EEC99C001435A2 /* Model */ = {
			isa = PBXGroup;
			children = (
				E217853829EED8DA00832287 /* Pokemon.swift */,
			);
			path = Model;
			sourceTree = "<group>";
		};
		E296D4EE29EEC9DB001435A2 /* API */ = {
			isa = PBXGroup;
			children = (
				E217853C29EEDAB900832287 /* API.swift */,
			);
			path = API;
			sourceTree = "<group>";
		};
		E2EAC35629EEB2F700A2B7EC = {
			isa = PBXGroup;
			children = (
				E2EAC36129EEB2F700A2B7EC /* TestPokemonTask */,
				E2EAC36029EEB2F700A2B7EC /* Products */,
			);
			sourceTree = "<group>";
		};
		E2EAC36029EEB2F700A2B7EC /* Products */ = {
			isa = PBXGroup;
			children = (
				E2EAC35F29EEB2F700A2B7EC /* TestPokemonTask.app */,
			);
			name = Products;
			sourceTree = "<group>";
		};
		E2EAC36129EEB2F700A2B7EC /* TestPokemonTask */ = {
			isa = PBXGroup;
			children = (
				E296D4E829EEC925001435A2 /* Module */,
				E2EAC37029EEB2F900A2B7EC /* Info.plist */,
			);
			path = TestPokemonTask;
			sourceTree = "<group>";
		};
/* End PBXGroup section */

/* Begin PBXNativeTarget section */
		E2EAC35E29EEB2F700A2B7EC /* TestPokemonTask */ = {
			isa = PBXNativeTarget;
			buildConfigurationList = E2EAC37329EEB2F900A2B7EC /* Build configuration list for PBXNativeTarget "TestPokemonTask" */;
			buildPhases = (
				E2EAC35B29EEB2F700A2B7EC /* Sources */,
				E2EAC35C29EEB2F700A2B7EC /* Frameworks */,
				E2EAC35D29EEB2F700A2B7EC /* Resources */,
			);
			buildRules = (
			);
			dependencies = (
			);
			name = TestPokemonTask;
			productName = TestPokemonTask;
			productReference = E2EAC35F29EEB2F700A2B7EC /* TestPokemonTask.app */;
			productType = "com.apple.product-type.application";
		};
/* End PBXNativeTarget section */

/* Begin PBXProject section */
		E2EAC35729EEB2F700A2B7EC /* Project object */ = {
			isa = PBXProject;
			attributes = {
				BuildIndependentTargetsInParallel = 1;
				LastSwiftUpdateCheck = 1420;
				LastUpgradeCheck = 1420;
				TargetAttributes = {
					E2EAC35E29EEB2F700A2B7EC = {
						CreatedOnToolsVersion = 14.2;
					};
				};
			};
			buildConfigurationList = E2EAC35A29EEB2F700A2B7EC /* Build configuration list for PBXProject "TestPokemonTask" */;
			compatibilityVersion = "Xcode 14.0";
			developmentRegion = en;
			hasScannedForEncodings = 0;
			knownRegions = (
				en,
				Base,
			);
			mainGroup = E2EAC35629EEB2F700A2B7EC;
			productRefGroup = E2EAC36029EEB2F700A2B7EC /* Products */;
			projectDirPath = "";
			projectRoot = "";
			targets = (
				E2EAC35E29EEB2F700A2B7EC /* TestPokemonTask */,
			);
		};
/* End PBXProject section */

/* Begin PBXResourcesBuildPhase section */
		E2EAC35D29EEB2F700A2B7EC /* Resources */ = {
			isa = PBXResourcesBuildPhase;
			buildActionMask = 2147483647;
			files = (
				E2EAC36F29EEB2F900A2B7EC /* LaunchScreen.storyboard in Resources */,
				E217854129EEEA2400832287 /* PokemonTableViewCell.xib in Resources */,
				E2EAC36C29EEB2F900A2B7EC /* Assets.xcassets in Resources */,
			);
			runOnlyForDeploymentPostprocessing = 0;
		};
/* End PBXResourcesBuildPhase section */

/* Begin PBXSourcesBuildPhase section */
		E2EAC35B29EEB2F700A2B7EC /* Sources */ = {
			isa = PBXSourcesBuildPhase;
			buildActionMask = 2147483647;
			files = (
				E21ED96F29F003CB00036B89 /* PokemonTableViewCellViewModelProtocol.swift in Sources */,
				E2EAC36329EEB2F700A2B7EC /* AppDelegate.swift in Sources */,
				E217853929EED8DA00832287 /* Pokemon.swift in Sources */,
				E217853329EED31000832287 /* PokemonViewModel.swift in Sources */,
				E247FA9329F1F130000A8E7E /* Constants .swift in Sources */,
				E21ED96929EFFB8400036B89 /* ImageDownloadService.swift in Sources */,
				E217853B29EEDAA700832287 /* NetworkingService.swift in Sources */,
				E217853D29EEDAB900832287 /* API.swift in Sources */,
				E217853729EED33A00832287 /* PokemonViewModelDelegate.swift in Sources */,
				E217853129EED2CE00832287 /* PokemonTableViewController.swift in Sources */,
				E247FA8A29F1EFD2000A8E7E /* DetailsViewController.swift in Sources */,
				E296D4F029EECBCF001435A2 /* MainTabBarController .swift in Sources */,
				E217853529EED32C00832287 /* PokemonViewModelProtocol.swift in Sources */,
				E21ED96B29F003B200036B89 /* PokemonTableViewCellViewModel.swift in Sources */,
				E21ED96729EEF0D600036B89 /* TableView + Extension.swift in Sources */,
				E247FA9029F1F009000A8E7E /* DetailsViewModelDelegate.swift in Sources */,
				E247FA8E29F1EFF8000A8E7E /* DetailsViewModelProtocol.swift in Sources */,
				E21ED96D29F003C000036B89 /* PokemonTableViewCellViewModelDelegate.swift in Sources */,
				E2EAC36529EEB2F700A2B7EC /* SceneDelegate.swift in Sources */,
				E217854029EEEA2400832287 /* PokemonTableViewCell.swift in Sources */,
				E247FA8C29F1EFE7000A8E7E /* DetailsViewModel.swift in Sources */,
			);
			runOnlyForDeploymentPostprocessing = 0;
		};
/* End PBXSourcesBuildPhase section */

/* Begin PBXVariantGroup section */
		E2EAC36D29EEB2F900A2B7EC /* LaunchScreen.storyboard */ = {
			isa = PBXVariantGroup;
			children = (
				E2EAC36E29EEB2F900A2B7EC /* Base */,
			);
			name = LaunchScreen.storyboard;
			sourceTree = "<group>";
		};
/* End PBXVariantGroup section */

/* Begin XCBuildConfiguration section */
		E2EAC37129EEB2F900A2B7EC /* Debug */ = {
			isa = XCBuildConfiguration;
			buildSettings = {
				ALWAYS_SEARCH_USER_PATHS = NO;
				CLANG_ANALYZER_NONNULL = YES;
				CLANG_ANALYZER_NUMBER_OBJECT_CONVERSION = YES_AGGRESSIVE;
				CLANG_CXX_LANGUAGE_STANDARD = "gnu++20";
				CLANG_ENABLE_MODULES = YES;
				CLANG_ENABLE_OBJC_ARC = YES;
				CLANG_ENABLE_OBJC_WEAK = YES;
				CLANG_WARN_BLOCK_CAPTURE_AUTORELEASING = YES;
				CLANG_WARN_BOOL_CONVERSION = YES;
				CLANG_WARN_COMMA = YES;
				CLANG_WARN_CONSTANT_CONVERSION = YES;
				CLANG_WARN_DEPRECATED_OBJC_IMPLEMENTATIONS = YES;
				CLANG_WARN_DIRECT_OBJC_ISA_USAGE = YES_ERROR;
				CLANG_WARN_DOCUMENTATION_COMMENTS = YES;
				CLANG_WARN_EMPTY_BODY = YES;
				CLANG_WARN_ENUM_CONVERSION = YES;
				CLANG_WARN_INFINITE_RECURSION = YES;
				CLANG_WARN_INT_CONVERSION = YES;
				CLANG_WARN_NON_LITERAL_NULL_CONVERSION = YES;
				CLANG_WARN_OBJC_IMPLICIT_RETAIN_SELF = YES;
				CLANG_WARN_OBJC_LITERAL_CONVERSION = YES;
				CLANG_WARN_OBJC_ROOT_CLASS = YES_ERROR;
				CLANG_WARN_QUOTED_INCLUDE_IN_FRAMEWORK_HEADER = YES;
				CLANG_WARN_RANGE_LOOP_ANALYSIS = YES;
				CLANG_WARN_STRICT_PROTOTYPES = YES;
				CLANG_WARN_SUSPICIOUS_MOVE = YES;
				CLANG_WARN_UNGUARDED_AVAILABILITY = YES_AGGRESSIVE;
				CLANG_WARN_UNREACHABLE_CODE = YES;
				CLANG_WARN__DUPLICATE_METHOD_MATCH = YES;
				COPY_PHASE_STRIP = NO;
				DEBUG_INFORMATION_FORMAT = dwarf;
				ENABLE_STRICT_OBJC_MSGSEND = YES;
				ENABLE_TESTABILITY = YES;
				GCC_C_LANGUAGE_STANDARD = gnu11;
				GCC_DYNAMIC_NO_PIC = NO;
				GCC_NO_COMMON_BLOCKS = YES;
				GCC_OPTIMIZATION_LEVEL = 0;
				GCC_PREPROCESSOR_DEFINITIONS = (
					"DEBUG=1",
					"$(inherited)",
				);
				GCC_WARN_64_TO_32_BIT_CONVERSION = YES;
				GCC_WARN_ABOUT_RETURN_TYPE = YES_ERROR;
				GCC_WARN_UNDECLARED_SELECTOR = YES;
				GCC_WARN_UNINITIALIZED_AUTOS = YES_AGGRESSIVE;
				GCC_WARN_UNUSED_FUNCTION = YES;
				GCC_WARN_UNUSED_VARIABLE = YES;
				IPHONEOS_DEPLOYMENT_TARGET = 16.2;
				MTL_ENABLE_DEBUG_INFO = INCLUDE_SOURCE;
				MTL_FAST_MATH = YES;
				ONLY_ACTIVE_ARCH = YES;
				SDKROOT = iphoneos;
				SWIFT_ACTIVE_COMPILATION_CONDITIONS = DEBUG;
				SWIFT_OPTIMIZATION_LEVEL = "-Onone";
			};
			name = Debug;
		};
		E2EAC37229EEB2F900A2B7EC /* Release */ = {
			isa = XCBuildConfiguration;
			buildSettings = {
				ALWAYS_SEARCH_USER_PATHS = NO;
				CLANG_ANALYZER_NONNULL = YES;
				CLANG_ANALYZER_NUMBER_OBJECT_CONVERSION = YES_AGGRESSIVE;
				CLANG_CXX_LANGUAGE_STANDARD = "gnu++20";
				CLANG_ENABLE_MODULES = YES;
				CLANG_ENABLE_OBJC_ARC = YES;
				CLANG_ENABLE_OBJC_WEAK = YES;
				CLANG_WARN_BLOCK_CAPTURE_AUTORELEASING = YES;
				CLANG_WARN_BOOL_CONVERSION = YES;
				CLANG_WARN_COMMA = YES;
				CLANG_WARN_CONSTANT_CONVERSION = YES;
				CLANG_WARN_DEPRECATED_OBJC_IMPLEMENTATIONS = YES;
				CLANG_WARN_DIRECT_OBJC_ISA_USAGE = YES_ERROR;
				CLANG_WARN_DOCUMENTATION_COMMENTS = YES;
				CLANG_WARN_EMPTY_BODY = YES;
				CLANG_WARN_ENUM_CONVERSION = YES;
				CLANG_WARN_INFINITE_RECURSION = YES;
				CLANG_WARN_INT_CONVERSION = YES;
				CLANG_WARN_NON_LITERAL_NULL_CONVERSION = YES;
				CLANG_WARN_OBJC_IMPLICIT_RETAIN_SELF = YES;
				CLANG_WARN_OBJC_LITERAL_CONVERSION = YES;
				CLANG_WARN_OBJC_ROOT_CLASS = YES_ERROR;
				CLANG_WARN_QUOTED_INCLUDE_IN_FRAMEWORK_HEADER = YES;
				CLANG_WARN_RANGE_LOOP_ANALYSIS = YES;
				CLANG_WARN_STRICT_PROTOTYPES = YES;
				CLANG_WARN_SUSPICIOUS_MOVE = YES;
				CLANG_WARN_UNGUARDED_AVAILABILITY = YES_AGGRESSIVE;
				CLANG_WARN_UNREACHABLE_CODE = YES;
				CLANG_WARN__DUPLICATE_METHOD_MATCH = YES;
				COPY_PHASE_STRIP = NO;
				DEBUG_INFORMATION_FORMAT = "dwarf-with-dsym";
				ENABLE_NS_ASSERTIONS = NO;
				ENABLE_STRICT_OBJC_MSGSEND = YES;
				GCC_C_LANGUAGE_STANDARD = gnu11;
				GCC_NO_COMMON_BLOCKS = YES;
				GCC_WARN_64_TO_32_BIT_CONVERSION = YES;
				GCC_WARN_ABOUT_RETURN_TYPE = YES_ERROR;
				GCC_WARN_UNDECLARED_SELECTOR = YES;
				GCC_WARN_UNINITIALIZED_AUTOS = YES_AGGRESSIVE;
				GCC_WARN_UNUSED_FUNCTION = YES;
				GCC_WARN_UNUSED_VARIABLE = YES;
				IPHONEOS_DEPLOYMENT_TARGET = 16.2;
				MTL_ENABLE_DEBUG_INFO = NO;
				MTL_FAST_MATH = YES;
				SDKROOT = iphoneos;
				SWIFT_COMPILATION_MODE = wholemodule;
				SWIFT_OPTIMIZATION_LEVEL = "-O";
				VALIDATE_PRODUCT = YES;
			};
			name = Release;
		};
		E2EAC37429EEB2F900A2B7EC /* Debug */ = {
			isa = XCBuildConfiguration;
			buildSettings = {
				ASSETCATALOG_COMPILER_APPICON_NAME = AppIcon;
				ASSETCATALOG_COMPILER_GLOBAL_ACCENT_COLOR_NAME = AccentColor;
				CODE_SIGN_STYLE = Automatic;
				CURRENT_PROJECT_VERSION = 1;
				DEVELOPMENT_TEAM = 58442Z8AVY;
				GENERATE_INFOPLIST_FILE = YES;
				INFOPLIST_FILE = TestPokemonTask/Info.plist;
				INFOPLIST_KEY_UIApplicationSupportsIndirectInputEvents = YES;
				INFOPLIST_KEY_UILaunchStoryboardName = LaunchScreen;
				INFOPLIST_KEY_UISupportedInterfaceOrientations_iPad = "UIInterfaceOrientationPortrait UIInterfaceOrientationPortraitUpsideDown UIInterfaceOrientationLandscapeLeft UIInterfaceOrientationLandscapeRight";
				INFOPLIST_KEY_UISupportedInterfaceOrientations_iPhone = "UIInterfaceOrientationPortrait UIInterfaceOrientationLandscapeLeft UIInterfaceOrientationLandscapeRight";
				LD_RUNPATH_SEARCH_PATHS = (
					"$(inherited)",
					"@executable_path/Frameworks",
				);
				MARKETING_VERSION = 1.0;
				PRODUCT_BUNDLE_IDENTIFIER = alexTeam.TestPokemonTask;
				PRODUCT_NAME = "$(TARGET_NAME)";
				SWIFT_EMIT_LOC_STRINGS = YES;
				SWIFT_VERSION = 5.0;
				TARGETED_DEVICE_FAMILY = "1,2";
			};
			name = Debug;
		};
		E2EAC37529EEB2F900A2B7EC /* Release */ = {
			isa = XCBuildConfiguration;
			buildSettings = {
				ASSETCATALOG_COMPILER_APPICON_NAME = AppIcon;
				ASSETCATALOG_COMPILER_GLOBAL_ACCENT_COLOR_NAME = AccentColor;
				CODE_SIGN_STYLE = Automatic;
				CURRENT_PROJECT_VERSION = 1;
				DEVELOPMENT_TEAM = 58442Z8AVY;
				GENERATE_INFOPLIST_FILE = YES;
				INFOPLIST_FILE = TestPokemonTask/Info.plist;
				INFOPLIST_KEY_UIApplicationSupportsIndirectInputEvents = YES;
				INFOPLIST_KEY_UILaunchStoryboardName = LaunchScreen;
				INFOPLIST_KEY_UISupportedInterfaceOrientations_iPad = "UIInterfaceOrientationPortrait UIInterfaceOrientationPortraitUpsideDown UIInterfaceOrientationLandscapeLeft UIInterfaceOrientationLandscapeRight";
				INFOPLIST_KEY_UISupportedInterfaceOrientations_iPhone = "UIInterfaceOrientationPortrait UIInterfaceOrientationLandscapeLeft UIInterfaceOrientationLandscapeRight";
				LD_RUNPATH_SEARCH_PATHS = (
					"$(inherited)",
					"@executable_path/Frameworks",
				);
				MARKETING_VERSION = 1.0;
				PRODUCT_BUNDLE_IDENTIFIER = alexTeam.TestPokemonTask;
				PRODUCT_NAME = "$(TARGET_NAME)";
				SWIFT_EMIT_LOC_STRINGS = YES;
				SWIFT_VERSION = 5.0;
				TARGETED_DEVICE_FAMILY = "1,2";
			};
			name = Release;
		};
/* End XCBuildConfiguration section */

/* Begin XCConfigurationList section */
		E2EAC35A29EEB2F700A2B7EC /* Build configuration list for PBXProject "TestPokemonTask" */ = {
			isa = XCConfigurationList;
			buildConfigurations = (
				E2EAC37129EEB2F900A2B7EC /* Debug */,
				E2EAC37229EEB2F900A2B7EC /* Release */,
			);
			defaultConfigurationIsVisible = 0;
			defaultConfigurationName = Release;
		};
		E2EAC37329EEB2F900A2B7EC /* Build configuration list for PBXNativeTarget "TestPokemonTask" */ = {
			isa = XCConfigurationList;
			buildConfigurations = (
				E2EAC37429EEB2F900A2B7EC /* Debug */,
				E2EAC37529EEB2F900A2B7EC /* Release */,
			);
			defaultConfigurationIsVisible = 0;
			defaultConfigurationName = Release;
		};
/* End XCConfigurationList section */
	};
	rootObject = E2EAC35729EEB2F700A2B7EC /* Project object */;
}
